
Microsoft Visual Studio Solution File, Format Version 12.00
# Visual Studio Version 16
VisualStudioVersion = 16.0.29728.190
MinimumVisualStudioVersion = 10.0.40219.1
Project("{FAE04EC0-301F-11D3-BF4B-00C04F79EFBC}") = "BethanysPieShopHRM", "BethanysPieShopHRM\BethanysPieShopHRM.csproj", "{24D7FBE4-40C1-40E9-AE3F-A4FFDE756DA1}"
EndProject
Project("{9A19103F-16F7-4668-BE54-9A1E7A4F7556}") = "BethanysPieShopHRM.Shared", "BethanysPieShopHRM.Shared\BethanysPieShopHRM.Shared.csproj", "{5995CCCA-774E-45A3-98B6-11E6D48D1FC0}"
EndProject
Project("{9A19103F-16F7-4668-BE54-9A1E7A4F7556}") = "BethanysPieShopHRM.Api", "BethanysPieShopHRM.Api\BethanysPieShopHRM.Api.csproj", "{6990A780-454F-4BB4-ACB6-69A15C90DE27}"
EndProject
Project("{9A19103F-16F7-4668-BE54-9A1E7A4F7556}") = "BethanysPieShopHRM.ComponentsLibrary", "BethanysPieShopHRM.ComponentsLibrary\BethanysPieShopHRM.ComponentsLibrary.csproj", "{81853E19-7CCA-4890-B97D-3FDE39405051}"
EndProject
Global
	GlobalSection(SolutionConfigurationPlatforms) = preSolution
		Debug|Any CPU = Debug|Any CPU
		Release|Any CPU = Release|Any CPU
	EndGlobalSection
	GlobalSection(ProjectConfigurationPlatforms) = postSolution
		{24D7FBE4-40C1-40E9-AE3F-A4FFDE756DA1}.Debug|Any CPU.ActiveCfg = Debug|Any CPU
		{24D7FBE4-40C1-40E9-AE3F-A4FFDE756DA1}.Debug|Any CPU.Build.0 = Debug|Any CPU
		{24D7FBE4-40C1-40E9-AE3F-A4FFDE756DA1}.Release|Any CPU.ActiveCfg = Debug|Any CPU
		{24D7FBE4-40C1-40E9-AE3F-A4FFDE756DA1}.Release|Any CPU.Build.0 = Debug|Any CPU
		{5995CCCA-774E-45A3-98B6-11E6D48D1FC0}.Debug|Any CPU.ActiveCfg = Debug|Any CPU
		{5995CCCA-774E-45A3-98B6-11E6D48D1FC0}.Debug|Any CPU.Build.0 = Debug|Any CPU
		{5995CCCA-774E-45A3-98B6-11E6D48D1FC0}.Release|Any CPU.ActiveCfg = Debug|Any CPU
		{5995CCCA-774E-45A3-98B6-11E6D48D1FC0}.Release|Any CPU.Build.0 = Debug|Any CPU
		{6990A780-454F-4BB4-ACB6-69A15C90DE27}.Debug|Any CPU.ActiveCfg = Debug|Any CPU
		{6990A780-454F-4BB4-ACB6-69A15C90DE27}.Debug|Any CPU.Build.0 = Debug|Any CPU
		{6990A780-454F-4BB4-ACB6-69A15C90DE27}.Release|Any CPU.ActiveCfg = Debug|Any CPU
		{6990A780-454F-4BB4-ACB6-69A15C90DE27}.Release|Any CPU.Build.0 = Debug|Any CPU
		{81853E19-7CCA-4890-B97D-3FDE39405051}.Debug|Any CPU.ActiveCfg = Debug|Any CPU
		{81853E19-7CCA-4890-B97D-3FDE39405051}.Debug|Any CPU.Build.0 = Debug|Any CPU
		{81853E19-7CCA-4890-B97D-3FDE39405051}.Release|Any CPU.ActiveCfg = Release|Any CPU
		{81853E19-7CCA-4890-B97D-3FDE39405051}.Release|Any CPU.Build.0 = Release|Any CPU
	EndGlobalSection
	GlobalSection(SolutionProperties) = preSolution
		HideSolutionNode = FALSE
	EndGlobalSection
	GlobalSection(ExtensibilityGlobals) = postSolution
		SolutionGuid = {3DA34FC7-C6B6-4BD6-B3A2-DC43E12C2E30}
	EndGlobalSection
EndGlobal
